# This file is automatically @generated by Cargo.
# It is not intended for manual editing.
version = 4

[[package]]
name = "ffi_api"
version = "0.4.1"
dependencies = [
 "sync_core",
 "vault_core",
]

[[package]]
name = "sync_core"
version = "0.4.1"
dependencies = [
 "vault_core",
]

[[package]]
name = "vault_core"
version = "0.4.1"
